
Microsoft Visual Studio Solution File, Format Version 12.00
# Visual Studio Version 16
VisualStudioVersion = 16.0.29509.3
MinimumVisualStudioVersion = 10.0.40219.1
Project("{FAE04EC0-301F-11D3-BF4B-00C04F79EFBC}") = "SampleAzureApp", "SampleAzureApp\SampleAzureApp.csproj", "{F0F09542-732C-44AC-AA10-B35B29017DB0}"
EndProject
Global
	GlobalSection(SolutionConfigurationPlatforms) = preSolution
		Debug|Any CPU = Debug|Any CPU
		Release|Any CPU = Release|Any CPU
	EndGlobalSection
	GlobalSection(ProjectConfigurationPlatforms) = postSolution
		{F0F09542-732C-44AC-AA10-B35B29017DB0}.Debug|Any CPU.ActiveCfg = Debug|Any CPU
		{F0F09542-732C-44AC-AA10-B35B29017DB0}.Debug|Any CPU.Build.0 = Debug|Any CPU
		{F0F09542-732C-44AC-AA10-B35B29017DB0}.Release|Any CPU.ActiveCfg = Release|Any CPU
		{F0F09542-732C-44AC-AA10-B35B29017DB0}.Release|Any CPU.Build.0 = Release|Any CPU
	EndGlobalSection
	GlobalSection(SolutionProperties) = preSolution
		HideSolutionNode = FALSE
	EndGlobalSection
	GlobalSection(ExtensibilityGlobals) = postSolution
		SolutionGuid = {CD49A065-FF76-41D9-B032-C164E3A10094}
	EndGlobalSection
EndGlobal
